// !$*UTF8*$!
{
	archiveVersion = 1;
	classes = {
	};
	objectVersion = 55;
	objects = {

/* Begin PBXBuildFile section */
		03388BCCF10023E697247B8E /* GameDetailModule_GameDetailModule.bundle in Resources */ = {isa = PBXBuildFile; fileRef = B894CDBB2CEFF821E2DA2C31 /* GameDetailModule_GameDetailModule.bundle */; };
		0AE1C63D4CC700107F7119DC /* Alamofire.framework in Frameworks */ = {isa = PBXBuildFile; fileRef = 9FCA5BFEABE001814939A9E7 /* Alamofire.framework */; };
		0DEBE6FC34005B5DD81FEC52 /* Main.storyboard in Resources */ = {isa = PBXBuildFile; fileRef = FA39658D261FC68C90377F7B /* Main.storyboard */; };
		13080F6CFA483AFCCED5367D /* CommonViewsKit_CommonViewsKit.bundle in Dependencies */ = {isa = PBXBuildFile; fileRef = 8654BF1297C30D137D1B42C4 /* CommonViewsKit_CommonViewsKit.bundle */; };
		1517FCE67B88E2E713738B9B /* TuistAssets+GameList.swift in Sources */ = {isa = PBXBuildFile; fileRef = F3D4FC01B17591E2C54E40C9 /* TuistAssets+GameList.swift */; };
		1554D8FBFAED0CDB190E3692 /* WishlistModule_WishlistModule.bundle in Resources */ = {isa = PBXBuildFile; fileRef = 084CDCEB43B8B044FA2FFEFE /* WishlistModule_WishlistModule.bundle */; };
		16CCE604DBC580FD3CAB8ACE /* HomeModule.framework in Frameworks */ = {isa = PBXBuildFile; fileRef = 7C9E19290237400A7C5A7575 /* HomeModule.framework */; };
		1B615F05976FD951DC57A598 /* ListingKit.framework in Frameworks */ = {isa = PBXBuildFile; fileRef = DCBD109874D2CCCC3591D8C4 /* ListingKit.framework */; };
		280D2280ADCEE12A9390CC4D /* HomeModule_HomeModule.bundle in Dependencies */ = {isa = PBXBuildFile; fileRef = 19F933BA9D8E11BFAD2E426B /* HomeModule_HomeModule.bundle */; };
		35CEB1F087D795DD74F61FE8 /* DependencyEngine.framework in Frameworks */ = {isa = PBXBuildFile; fileRef = B4A69A6840BB78C4735337D3 /* DependencyEngine.framework */; };
		3A4EFFEFA378E09164AE5DB3 /* HomeModule_HomeModule.bundle in Resources */ = {isa = PBXBuildFile; fileRef = 19F933BA9D8E11BFAD2E426B /* HomeModule_HomeModule.bundle */; };
		50B2D53A09FA0EE24CADD294 /* GameDetailModule.framework in Frameworks */ = {isa = PBXBuildFile; fileRef = 2AAF268D50EE8DD1A14173AC /* GameDetailModule.framework */; };
		60CAB46252E53E1EAE7927DD /* HomeHandlerKit.framework in Frameworks */ = {isa = PBXBuildFile; fileRef = 05B13CBC5EEFCEAEE2480251 /* HomeHandlerKit.framework */; };
		695B99479D20D90CB913C508 /* WishlistModule.framework in Frameworks */ = {isa = PBXBuildFile; fileRef = 7318913AF76310A3364D6489 /* WishlistModule.framework */; };
		6ADE10FFD91CA418ABC190E3 /* SceneDelegate.swift in Sources */ = {isa = PBXBuildFile; fileRef = 0522A217D73C2267A9543A0E /* SceneDelegate.swift */; };
		6CD4F80D11A6E0AB4A73C829 /* GameDetailModule_GameDetailModule.bundle in Dependencies */ = {isa = PBXBuildFile; fileRef = B894CDBB2CEFF821E2DA2C31 /* GameDetailModule_GameDetailModule.bundle */; };
		6D7FD635E561C5D8F292CA87 /* Lato-Regular.ttf in Resources */ = {isa = PBXBuildFile; fileRef = 52F504249F230A7C2AFA0640 /* Lato-Regular.ttf */; };
		80EA11FBD415C5C9C4933313 /* WishlistModule_WishlistModule.bundle in Dependencies */ = {isa = PBXBuildFile; fileRef = 084CDCEB43B8B044FA2FFEFE /* WishlistModule_WishlistModule.bundle */; };
		836DB6D940F6F232433F8F1A /* CommonViewsKit.framework in Frameworks */ = {isa = PBXBuildFile; fileRef = F02AD6206973AF6C1C925800 /* CommonViewsKit.framework */; };
		8B76386D478DEF10403040EA /* LaunchScreen.storyboard in Resources */ = {isa = PBXBuildFile; fileRef = A6698463C7099764EC9A4098 /* LaunchScreen.storyboard */; };
		9258C561C87E51D1A660236E /* AppRouter.swift in Sources */ = {isa = PBXBuildFile; fileRef = 1E00C63E4E93058B81CBB386 /* AppRouter.swift */; };
		93AD998C642FA03AD40AA5D4 /* AlamofireImage.framework in Frameworks */ = {isa = PBXBuildFile; fileRef = EEB5E536EE15A02AEF88C1A2 /* AlamofireImage.framework */; };
		9789EEBB7B9CBF9763A9C5FF /* TuistBundle+GameList.swift in Sources */ = {isa = PBXBuildFile; fileRef = D9239F864430B3B57E2D9877 /* TuistBundle+GameList.swift */; };
		9C825AF55DB1B3E60883328A /* CoreUtils.framework in Frameworks */ = {isa = PBXBuildFile; fileRef = 52FDEA92904093E6F59BBFCB /* CoreUtils.framework */; };
		9FCD19D9C05755EE20903788 /* TuistFonts+GameList.swift in Sources */ = {isa = PBXBuildFile; fileRef = F877D26EAC655708269FD3DC /* TuistFonts+GameList.swift */; };
		AA3C7997E3D3D27CEBE667BA /* Assets.xcassets in Resources */ = {isa = PBXBuildFile; fileRef = D3779E23C4AAEC87FE8D114C /* Assets.xcassets */; };
		AE5A21534873BAD5CBCADF18 /* GlobalWindow.framework in Frameworks */ = {isa = PBXBuildFile; fileRef = 077F783FD6AB491E0BB06213 /* GlobalWindow.framework */; };
		B167561C2AD5915B1F78B0C2 /* NetworkKit.framework in Frameworks */ = {isa = PBXBuildFile; fileRef = B30BE4E257F543F1AE68E9F2 /* NetworkKit.framework */; };
		B19BB6D56E2DD75053A1B87F /* AppDelegate.swift in Sources */ = {isa = PBXBuildFile; fileRef = D712EF17253F1C5CC5E52DB9 /* AppDelegate.swift */; };
		C444C03ED173FDA07D442AEB /* CommonKit.framework in Frameworks */ = {isa = PBXBuildFile; fileRef = 1E7DA70947A9A5C9709632D2 /* CommonKit.framework */; };
		D9F772E5CDA83F7B97EAF3C8 /* Alamofire.framework in Embed Frameworks */ = {isa = PBXBuildFile; fileRef = 9FCA5BFEABE001814939A9E7 /* Alamofire.framework */; settings = {ATTRIBUTES = (CodeSignOnCopy, RemoveHeadersOnCopy, ); }; };
		E654D9B9E2D4AA06B547E76E /* GameListTabBarController.swift in Sources */ = {isa = PBXBuildFile; fileRef = FB1447EAF6DE983D5AA87462 /* GameListTabBarController.swift */; };
		E70812B4B9AFB19BBFACFDDE /* CommonViewsKit_CommonViewsKit.bundle in Resources */ = {isa = PBXBuildFile; fileRef = 8654BF1297C30D137D1B42C4 /* CommonViewsKit_CommonViewsKit.bundle */; };
		EA7971AD24D719C3BD1057BF /* GameDetailHandlerKit.framework in Frameworks */ = {isa = PBXBuildFile; fileRef = ADAAD75A50126D0BA478D80B /* GameDetailHandlerKit.framework */; };
/* End PBXBuildFile section */

/* Begin PBXCopyFilesBuildPhase section */
		0B1B8BC260DA607A3FD58DEE /* Embed Frameworks */ = {
			isa = PBXCopyFilesBuildPhase;
			buildActionMask = 2147483647;
			dstPath = "";
			dstSubfolderSpec = 10;
			files = (
				D9F772E5CDA83F7B97EAF3C8 /* Alamofire.framework in Embed Frameworks */,
			);
			name = "Embed Frameworks";
			runOnlyForDeploymentPostprocessing = 0;
		};
		548B41CFCF94F563B5B5975E /* Dependencies */ = {
			isa = PBXCopyFilesBuildPhase;
			buildActionMask = 8;
			dstSubfolderSpec = 16;
			files = (
				13080F6CFA483AFCCED5367D /* CommonViewsKit_CommonViewsKit.bundle in Dependencies */,
				6CD4F80D11A6E0AB4A73C829 /* GameDetailModule_GameDetailModule.bundle in Dependencies */,
				280D2280ADCEE12A9390CC4D /* HomeModule_HomeModule.bundle in Dependencies */,
				80EA11FBD415C5C9C4933313 /* WishlistModule_WishlistModule.bundle in Dependencies */,
			);
			name = Dependencies;
			runOnlyForDeploymentPostprocessing = 1;
		};
/* End PBXCopyFilesBuildPhase section */

/* Begin PBXFileReference section */
		0522A217D73C2267A9543A0E /* SceneDelegate.swift */ = {isa = PBXFileReference; lastKnownFileType = sourcecode.swift; path = SceneDelegate.swift; sourceTree = "<group>"; };
		05B13CBC5EEFCEAEE2480251 /* HomeHandlerKit.framework */ = {isa = PBXFileReference; explicitFileType = wrapper.framework; includeInIndex = 0; path = HomeHandlerKit.framework; sourceTree = BUILT_PRODUCTS_DIR; };
		077F783FD6AB491E0BB06213 /* GlobalWindow.framework */ = {isa = PBXFileReference; explicitFileType = wrapper.framework; includeInIndex = 0; path = GlobalWindow.framework; sourceTree = BUILT_PRODUCTS_DIR; };
		07ED719A8490454F5625E3B6 /* GameList.app */ = {isa = PBXFileReference; explicitFileType = wrapper.application; includeInIndex = 0; path = GameList.app; sourceTree = BUILT_PRODUCTS_DIR; };
		084CDCEB43B8B044FA2FFEFE /* WishlistModule_WishlistModule.bundle */ = {isa = PBXFileReference; explicitFileType = wrapper.cfbundle; includeInIndex = 0; path = WishlistModule_WishlistModule.bundle; sourceTree = BUILT_PRODUCTS_DIR; };
		19F933BA9D8E11BFAD2E426B /* HomeModule_HomeModule.bundle */ = {isa = PBXFileReference; explicitFileType = wrapper.cfbundle; includeInIndex = 0; path = HomeModule_HomeModule.bundle; sourceTree = BUILT_PRODUCTS_DIR; };
		1E00C63E4E93058B81CBB386 /* AppRouter.swift */ = {isa = PBXFileReference; lastKnownFileType = sourcecode.swift; path = AppRouter.swift; sourceTree = "<group>"; };
		1E7DA70947A9A5C9709632D2 /* CommonKit.framework */ = {isa = PBXFileReference; explicitFileType = wrapper.framework; includeInIndex = 0; path = CommonKit.framework; sourceTree = BUILT_PRODUCTS_DIR; };
		2AAF268D50EE8DD1A14173AC /* GameDetailModule.framework */ = {isa = PBXFileReference; explicitFileType = wrapper.framework; includeInIndex = 0; path = GameDetailModule.framework; sourceTree = BUILT_PRODUCTS_DIR; };
		2F638E31D660C4007F34733B /* GameList-Info.plist */ = {isa = PBXFileReference; lastKnownFileType = text.plist; path = "GameList-Info.plist"; sourceTree = "<group>"; };
		52F504249F230A7C2AFA0640 /* Lato-Regular.ttf */ = {isa = PBXFileReference; lastKnownFileType = file; path = "Lato-Regular.ttf"; sourceTree = "<group>"; };
		52FDEA92904093E6F59BBFCB /* CoreUtils.framework */ = {isa = PBXFileReference; explicitFileType = wrapper.framework; includeInIndex = 0; path = CoreUtils.framework; sourceTree = BUILT_PRODUCTS_DIR; };
		7318913AF76310A3364D6489 /* WishlistModule.framework */ = {isa = PBXFileReference; explicitFileType = wrapper.framework; includeInIndex = 0; path = WishlistModule.framework; sourceTree = BUILT_PRODUCTS_DIR; };
		7C9E19290237400A7C5A7575 /* HomeModule.framework */ = {isa = PBXFileReference; explicitFileType = wrapper.framework; includeInIndex = 0; path = HomeModule.framework; sourceTree = BUILT_PRODUCTS_DIR; };
		8654BF1297C30D137D1B42C4 /* CommonViewsKit_CommonViewsKit.bundle */ = {isa = PBXFileReference; explicitFileType = wrapper.cfbundle; includeInIndex = 0; path = CommonViewsKit_CommonViewsKit.bundle; sourceTree = BUILT_PRODUCTS_DIR; };
		9FCA5BFEABE001814939A9E7 /* Alamofire.framework */ = {isa = PBXFileReference; explicitFileType = wrapper.framework; includeInIndex = 0; path = Alamofire.framework; sourceTree = BUILT_PRODUCTS_DIR; };
		A6698463C7099764EC9A4098 /* LaunchScreen.storyboard */ = {isa = PBXFileReference; lastKnownFileType = file.storyboard; path = LaunchScreen.storyboard; sourceTree = "<group>"; };
		ADAAD75A50126D0BA478D80B /* GameDetailHandlerKit.framework */ = {isa = PBXFileReference; explicitFileType = wrapper.framework; includeInIndex = 0; path = GameDetailHandlerKit.framework; sourceTree = BUILT_PRODUCTS_DIR; };
		B30BE4E257F543F1AE68E9F2 /* NetworkKit.framework */ = {isa = PBXFileReference; explicitFileType = wrapper.framework; includeInIndex = 0; path = NetworkKit.framework; sourceTree = BUILT_PRODUCTS_DIR; };
		B4A69A6840BB78C4735337D3 /* DependencyEngine.framework */ = {isa = PBXFileReference; explicitFileType = wrapper.framework; includeInIndex = 0; path = DependencyEngine.framework; sourceTree = BUILT_PRODUCTS_DIR; };
		B894CDBB2CEFF821E2DA2C31 /* GameDetailModule_GameDetailModule.bundle */ = {isa = PBXFileReference; explicitFileType = wrapper.cfbundle; includeInIndex = 0; path = GameDetailModule_GameDetailModule.bundle; sourceTree = BUILT_PRODUCTS_DIR; };
		D3779E23C4AAEC87FE8D114C /* Assets.xcassets */ = {isa = PBXFileReference; lastKnownFileType = folder.assetcatalog; path = Assets.xcassets; sourceTree = "<group>"; };
		D712EF17253F1C5CC5E52DB9 /* AppDelegate.swift */ = {isa = PBXFileReference; lastKnownFileType = sourcecode.swift; path = AppDelegate.swift; sourceTree = "<group>"; };
		D9239F864430B3B57E2D9877 /* TuistBundle+GameList.swift */ = {isa = PBXFileReference; lastKnownFileType = sourcecode.swift; path = "TuistBundle+GameList.swift"; sourceTree = "<group>"; };
		DCBD109874D2CCCC3591D8C4 /* ListingKit.framework */ = {isa = PBXFileReference; explicitFileType = wrapper.framework; includeInIndex = 0; path = ListingKit.framework; sourceTree = BUILT_PRODUCTS_DIR; };
		EEB5E536EE15A02AEF88C1A2 /* AlamofireImage.framework */ = {isa = PBXFileReference; explicitFileType = wrapper.framework; includeInIndex = 0; path = AlamofireImage.framework; sourceTree = BUILT_PRODUCTS_DIR; };
		F02AD6206973AF6C1C925800 /* CommonViewsKit.framework */ = {isa = PBXFileReference; explicitFileType = wrapper.framework; includeInIndex = 0; path = CommonViewsKit.framework; sourceTree = BUILT_PRODUCTS_DIR; };
		F3D4FC01B17591E2C54E40C9 /* TuistAssets+GameList.swift */ = {isa = PBXFileReference; lastKnownFileType = sourcecode.swift; path = "TuistAssets+GameList.swift"; sourceTree = "<group>"; };
		F877D26EAC655708269FD3DC /* TuistFonts+GameList.swift */ = {isa = PBXFileReference; lastKnownFileType = sourcecode.swift; path = "TuistFonts+GameList.swift"; sourceTree = "<group>"; };
		FA39658D261FC68C90377F7B /* Main.storyboard */ = {isa = PBXFileReference; lastKnownFileType = file.storyboard; path = Main.storyboard; sourceTree = "<group>"; };
		FB1447EAF6DE983D5AA87462 /* GameListTabBarController.swift */ = {isa = PBXFileReference; lastKnownFileType = sourcecode.swift; path = GameListTabBarController.swift; sourceTree = "<group>"; };
/* End PBXFileReference section */

/* Begin PBXFrameworksBuildPhase section */
		12EE4AC57D46D15784C5CC00 /* Frameworks */ = {
			isa = PBXFrameworksBuildPhase;
			buildActionMask = 2147483647;
			files = (
				0AE1C63D4CC700107F7119DC /* Alamofire.framework in Frameworks */,
				93AD998C642FA03AD40AA5D4 /* AlamofireImage.framework in Frameworks */,
				C444C03ED173FDA07D442AEB /* CommonKit.framework in Frameworks */,
				836DB6D940F6F232433F8F1A /* CommonViewsKit.framework in Frameworks */,
				9C825AF55DB1B3E60883328A /* CoreUtils.framework in Frameworks */,
				35CEB1F087D795DD74F61FE8 /* DependencyEngine.framework in Frameworks */,
				EA7971AD24D719C3BD1057BF /* GameDetailHandlerKit.framework in Frameworks */,
				50B2D53A09FA0EE24CADD294 /* GameDetailModule.framework in Frameworks */,
				AE5A21534873BAD5CBCADF18 /* GlobalWindow.framework in Frameworks */,
				60CAB46252E53E1EAE7927DD /* HomeHandlerKit.framework in Frameworks */,
				16CCE604DBC580FD3CAB8ACE /* HomeModule.framework in Frameworks */,
				1B615F05976FD951DC57A598 /* ListingKit.framework in Frameworks */,
				B167561C2AD5915B1F78B0C2 /* NetworkKit.framework in Frameworks */,
				695B99479D20D90CB913C508 /* WishlistModule.framework in Frameworks */,
			);
			runOnlyForDeploymentPostprocessing = 0;
		};
/* End PBXFrameworksBuildPhase section */

/* Begin PBXGroup section */
		0E5D5645EFAE815DF6B6A9B0 /* GameList */ = {
			isa = PBXGroup;
			children = (
				66FCD64B56B8AC8423CF023F /* Resources */,
				D684800EDD2DC14E083B7664 /* Sources */,
				D712EF17253F1C5CC5E52DB9 /* AppDelegate.swift */,
				1E00C63E4E93058B81CBB386 /* AppRouter.swift */,
				FA39658D261FC68C90377F7B /* Main.storyboard */,
				0522A217D73C2267A9543A0E /* SceneDelegate.swift */,
			);
			path = GameList;
			sourceTree = "<group>";
		};
		2D56C02165EE2291E3AF7E38 /* Fonts */ = {
			isa = PBXGroup;
			children = (
				52F504249F230A7C2AFA0640 /* Lato-Regular.ttf */,
			);
			path = Fonts;
			sourceTree = "<group>";
		};
		37F1D43AE7C4D1319C3AA6DD /* Products */ = {
			isa = PBXGroup;
			children = (
				9FCA5BFEABE001814939A9E7 /* Alamofire.framework */,
				EEB5E536EE15A02AEF88C1A2 /* AlamofireImage.framework */,
				1E7DA70947A9A5C9709632D2 /* CommonKit.framework */,
				8654BF1297C30D137D1B42C4 /* CommonViewsKit_CommonViewsKit.bundle */,
				F02AD6206973AF6C1C925800 /* CommonViewsKit.framework */,
				52FDEA92904093E6F59BBFCB /* CoreUtils.framework */,
				B4A69A6840BB78C4735337D3 /* DependencyEngine.framework */,
				ADAAD75A50126D0BA478D80B /* GameDetailHandlerKit.framework */,
				B894CDBB2CEFF821E2DA2C31 /* GameDetailModule_GameDetailModule.bundle */,
				2AAF268D50EE8DD1A14173AC /* GameDetailModule.framework */,
				07ED719A8490454F5625E3B6 /* GameList.app */,
				077F783FD6AB491E0BB06213 /* GlobalWindow.framework */,
				05B13CBC5EEFCEAEE2480251 /* HomeHandlerKit.framework */,
				19F933BA9D8E11BFAD2E426B /* HomeModule_HomeModule.bundle */,
				7C9E19290237400A7C5A7575 /* HomeModule.framework */,
				DCBD109874D2CCCC3591D8C4 /* ListingKit.framework */,
				B30BE4E257F543F1AE68E9F2 /* NetworkKit.framework */,
				084CDCEB43B8B044FA2FFEFE /* WishlistModule_WishlistModule.bundle */,
				7318913AF76310A3364D6489 /* WishlistModule.framework */,
			);
			name = Products;
			sourceTree = "<group>";
		};
		3E29C8A5556C384B0ACE9496 /* Project */ = {
			isa = PBXGroup;
			children = (
				4D48F7A0B3FCCD7969BFA7B7 /* Derived */,
				0E5D5645EFAE815DF6B6A9B0 /* GameList */,
			);
			name = Project;
			sourceTree = "<group>";
		};
		4D48F7A0B3FCCD7969BFA7B7 /* Derived */ = {
			isa = PBXGroup;
			children = (
				9E7EB8CFC619FE0FC2DA08A8 /* InfoPlists */,
				68761012369E31106D812095 /* Sources */,
			);
			path = Derived;
			sourceTree = "<group>";
		};
		66FCD64B56B8AC8423CF023F /* Resources */ = {
			isa = PBXGroup;
			children = (
				2D56C02165EE2291E3AF7E38 /* Fonts */,
				D3779E23C4AAEC87FE8D114C /* Assets.xcassets */,
				A6698463C7099764EC9A4098 /* LaunchScreen.storyboard */,
			);
			path = Resources;
			sourceTree = "<group>";
		};
		68761012369E31106D812095 /* Sources */ = {
			isa = PBXGroup;
			children = (
				F3D4FC01B17591E2C54E40C9 /* TuistAssets+GameList.swift */,
				D9239F864430B3B57E2D9877 /* TuistBundle+GameList.swift */,
				F877D26EAC655708269FD3DC /* TuistFonts+GameList.swift */,
			);
			path = Sources;
			sourceTree = "<group>";
		};
		9E7EB8CFC619FE0FC2DA08A8 /* InfoPlists */ = {
			isa = PBXGroup;
			children = (
				2F638E31D660C4007F34733B /* GameList-Info.plist */,
			);
			path = InfoPlists;
			sourceTree = "<group>";
		};
		D684800EDD2DC14E083B7664 /* Sources */ = {
			isa = PBXGroup;
			children = (
				FB1447EAF6DE983D5AA87462 /* GameListTabBarController.swift */,
			);
			path = Sources;
			sourceTree = "<group>";
		};
		E5A9CA46C85407A02D84A20C = {
			isa = PBXGroup;
			children = (
				3E29C8A5556C384B0ACE9496 /* Project */,
				37F1D43AE7C4D1319C3AA6DD /* Products */,
			);
			sourceTree = "<group>";
		};
/* End PBXGroup section */

/* Begin PBXNativeTarget section */
		2B97393E0C8FAB9F000D0B77 /* GameList */ = {
			isa = PBXNativeTarget;
			buildConfigurationList = 46EAFD9D12A6F6634B915D4B /* Build configuration list for PBXNativeTarget "GameList" */;
			buildPhases = (
				158D72F67EEBDC2550D6AF22 /* Sources */,
				B7D3ED552305821D7B416575 /* Resources */,
				0B1B8BC260DA607A3FD58DEE /* Embed Frameworks */,
				12EE4AC57D46D15784C5CC00 /* Frameworks */,
				548B41CFCF94F563B5B5975E /* Dependencies */,
			);
			buildRules = (
			);
			dependencies = (
			);
			name = GameList;
			productName = GameList;
			productReference = 07ED719A8490454F5625E3B6 /* GameList.app */;
			productType = "com.apple.product-type.application";
		};
/* End PBXNativeTarget section */

/* Begin PBXProject section */
		6DCE127069EDD4D372969FBB /* Project object */ = {
			isa = PBXProject;
			attributes = {
				BuildIndependentTargetsInParallel = YES;
				TargetAttributes = {
				};
			};
			buildConfigurationList = 88F8CDEE20D4BC3BC93F7A98 /* Build configuration list for PBXProject "GameList" */;
			compatibilityVersion = "Xcode 14.0";
			developmentRegion = en;
			hasScannedForEncodings = 0;
			knownRegions = (
				Base,
				en,
			);
			mainGroup = E5A9CA46C85407A02D84A20C;
			productRefGroup = 37F1D43AE7C4D1319C3AA6DD /* Products */;
			projectDirPath = "";
			projectRoot = "";
			targets = (
				2B97393E0C8FAB9F000D0B77 /* GameList */,
			);
		};
/* End PBXProject section */

/* Begin PBXResourcesBuildPhase section */
		B7D3ED552305821D7B416575 /* Resources */ = {
			isa = PBXResourcesBuildPhase;
			buildActionMask = 2147483647;
			files = (
				0DEBE6FC34005B5DD81FEC52 /* Main.storyboard in Resources */,
				AA3C7997E3D3D27CEBE667BA /* Assets.xcassets in Resources */,
				6D7FD635E561C5D8F292CA87 /* Lato-Regular.ttf in Resources */,
				8B76386D478DEF10403040EA /* LaunchScreen.storyboard in Resources */,
				E70812B4B9AFB19BBFACFDDE /* CommonViewsKit_CommonViewsKit.bundle in Resources */,
				03388BCCF10023E697247B8E /* GameDetailModule_GameDetailModule.bundle in Resources */,
				3A4EFFEFA378E09164AE5DB3 /* HomeModule_HomeModule.bundle in Resources */,
				1554D8FBFAED0CDB190E3692 /* WishlistModule_WishlistModule.bundle in Resources */,
			);
			runOnlyForDeploymentPostprocessing = 0;
		};
/* End PBXResourcesBuildPhase section */

/* Begin PBXSourcesBuildPhase section */
		158D72F67EEBDC2550D6AF22 /* Sources */ = {
			isa = PBXSourcesBuildPhase;
			buildActionMask = 2147483647;
			files = (
				1517FCE67B88E2E713738B9B /* TuistAssets+GameList.swift in Sources */,
				9789EEBB7B9CBF9763A9C5FF /* TuistBundle+GameList.swift in Sources */,
				9FCD19D9C05755EE20903788 /* TuistFonts+GameList.swift in Sources */,
				B19BB6D56E2DD75053A1B87F /* AppDelegate.swift in Sources */,
				9258C561C87E51D1A660236E /* AppRouter.swift in Sources */,
				6ADE10FFD91CA418ABC190E3 /* SceneDelegate.swift in Sources */,
				E654D9B9E2D4AA06B547E76E /* GameListTabBarController.swift in Sources */,
			);
			runOnlyForDeploymentPostprocessing = 0;
		};
/* End PBXSourcesBuildPhase section */

/* Begin XCBuildConfiguration section */
		70D18C1CBAE14A78A79F6157 /* Debug */ = {
			isa = XCBuildConfiguration;
			buildSettings = {
				ASSETCATALOG_COMPILER_APPICON_NAME = AppIcon;
				CODE_SIGN_IDENTITY = "iPhone Developer";
				ENABLE_PREVIEWS = YES;
				INFOPLIST_FILE = "Derived/InfoPlists/GameList-Info.plist";
				IPHONEOS_DEPLOYMENT_TARGET = 16.0;
				LD_RUNPATH_SEARCH_PATHS = (
					"$(inherited)",
					"@executable_path/Frameworks",
				);
				PRODUCT_BUNDLE_IDENTIFIER = com.gamelist;
				PRODUCT_NAME = GameList;
				SDKROOT = iphoneos;
				SUPPORTS_MACCATALYST = NO;
				SUPPORTS_MAC_DESIGNED_FOR_IPHONE_IPAD = YES;
				SUPPORTS_XR_DESIGNED_FOR_IPHONE_IPAD = NO;
				SWIFT_ACTIVE_COMPILATION_CONDITIONS = (
					"$(inherited)",
					DEBUG,
				);
				SWIFT_COMPILATION_MODE = singlefile;
				SWIFT_OPTIMIZATION_LEVEL = "-Onone";
				SWIFT_VERSION = 5.0;
				TARGETED_DEVICE_FAMILY = "1,2";
			};
			name = Debug;
		};
		E17714005C79AAB8F568416C /* Release */ = {
			isa = XCBuildConfiguration;
			buildSettings = {
				ASSETCATALOG_COMPILER_APPICON_NAME = AppIcon;
				CODE_SIGN_IDENTITY = "iPhone Developer";
				ENABLE_PREVIEWS = YES;
				INFOPLIST_FILE = "Derived/InfoPlists/GameList-Info.plist";
				IPHONEOS_DEPLOYMENT_TARGET = 16.0;
				LD_RUNPATH_SEARCH_PATHS = (
					"$(inherited)",
					"@executable_path/Frameworks",
				);
				PRODUCT_BUNDLE_IDENTIFIER = com.gamelist;
				PRODUCT_NAME = GameList;
				SDKROOT = iphoneos;
				SUPPORTS_MACCATALYST = NO;
				SUPPORTS_MAC_DESIGNED_FOR_IPHONE_IPAD = YES;
				SUPPORTS_XR_DESIGNED_FOR_IPHONE_IPAD = NO;
				SWIFT_COMPILATION_MODE = wholemodule;
				SWIFT_OPTIMIZATION_LEVEL = "-Owholemodule";
				SWIFT_VERSION = 5.0;
				TARGETED_DEVICE_FAMILY = "1,2";
			};
			name = Release;
		};
		F21886D95F742094AF0FF4CF /* Release */ = {
			isa = XCBuildConfiguration;
			buildSettings = {
				ALWAYS_SEARCH_USER_PATHS = NO;
				CLANG_ANALYZER_LOCALIZABILITY_NONLOCALIZED = YES;
				CLANG_ANALYZER_NONNULL = YES;
				CLANG_ANALYZER_NUMBER_OBJECT_CONVERSION = YES_AGGRESSIVE;
				CLANG_CXX_LANGUAGE_STANDARD = "gnu++14";
				CLANG_CXX_LIBRARY = "libc++";
				CLANG_ENABLE_MODULES = YES;
				CLANG_ENABLE_OBJC_ARC = YES;
				CLANG_ENABLE_OBJC_WEAK = YES;
				CLANG_WARN_BLOCK_CAPTURE_AUTORELEASING = YES;
				CLANG_WARN_BOOL_CONVERSION = YES;
				CLANG_WARN_COMMA = YES;
				CLANG_WARN_CONSTANT_CONVERSION = YES;
				CLANG_WARN_DEPRECATED_OBJC_IMPLEMENTATIONS = YES;
				CLANG_WARN_DIRECT_OBJC_ISA_USAGE = YES_ERROR;
				CLANG_WARN_DOCUMENTATION_COMMENTS = YES;
				CLANG_WARN_EMPTY_BODY = YES;
				CLANG_WARN_ENUM_CONVERSION = YES;
				CLANG_WARN_INFINITE_RECURSION = YES;
				CLANG_WARN_INT_CONVERSION = YES;
				CLANG_WARN_NON_LITERAL_NULL_CONVERSION = YES;
				CLANG_WARN_OBJC_IMPLICIT_RETAIN_SELF = YES;
				CLANG_WARN_OBJC_LITERAL_CONVERSION = YES;
				CLANG_WARN_OBJC_ROOT_CLASS = YES_ERROR;
				CLANG_WARN_QUOTED_INCLUDE_IN_FRAMEWORK_HEADER = YES;
				CLANG_WARN_RANGE_LOOP_ANALYSIS = YES;
				CLANG_WARN_STRICT_PROTOTYPES = YES;
				CLANG_WARN_SUSPICIOUS_MOVE = YES;
				CLANG_WARN_UNGUARDED_AVAILABILITY = YES_AGGRESSIVE;
				CLANG_WARN_UNREACHABLE_CODE = YES;
				CLANG_WARN__DUPLICATE_METHOD_MATCH = YES;
				COPY_PHASE_STRIP = NO;
				DEAD_CODE_STRIPPING = YES;
				DEBUG_INFORMATION_FORMAT = "dwarf-with-dsym";
				ENABLE_NS_ASSERTIONS = NO;
				ENABLE_STRICT_OBJC_MSGSEND = YES;
				GCC_C_LANGUAGE_STANDARD = gnu11;
				GCC_NO_COMMON_BLOCKS = YES;
				GCC_WARN_64_TO_32_BIT_CONVERSION = YES;
				GCC_WARN_ABOUT_RETURN_TYPE = YES_ERROR;
				GCC_WARN_UNDECLARED_SELECTOR = YES;
				GCC_WARN_UNINITIALIZED_AUTOS = YES_AGGRESSIVE;
				GCC_WARN_UNUSED_FUNCTION = YES;
				GCC_WARN_UNUSED_VARIABLE = YES;
				MTL_ENABLE_DEBUG_INFO = NO;
				PRODUCT_NAME = "$(TARGET_NAME)";
				VALIDATE_PRODUCT = YES;
			};
			name = Release;
		};
		F7AFB068CA8A94CDE697366B /* Debug */ = {
			isa = XCBuildConfiguration;
			buildSettings = {
				ALWAYS_SEARCH_USER_PATHS = NO;
				CLANG_ANALYZER_LOCALIZABILITY_NONLOCALIZED = YES;
				CLANG_ANALYZER_NONNULL = YES;
				CLANG_ANALYZER_NUMBER_OBJECT_CONVERSION = YES_AGGRESSIVE;
				CLANG_CXX_LANGUAGE_STANDARD = "gnu++14";
				CLANG_CXX_LIBRARY = "libc++";
				CLANG_ENABLE_MODULES = YES;
				CLANG_ENABLE_OBJC_ARC = YES;
				CLANG_ENABLE_OBJC_WEAK = YES;
				CLANG_WARN_BLOCK_CAPTURE_AUTORELEASING = YES;
				CLANG_WARN_BOOL_CONVERSION = YES;
				CLANG_WARN_COMMA = YES;
				CLANG_WARN_CONSTANT_CONVERSION = YES;
				CLANG_WARN_DEPRECATED_OBJC_IMPLEMENTATIONS = YES;
				CLANG_WARN_DIRECT_OBJC_ISA_USAGE = YES_ERROR;
				CLANG_WARN_DOCUMENTATION_COMMENTS = YES;
				CLANG_WARN_EMPTY_BODY = YES;
				CLANG_WARN_ENUM_CONVERSION = YES;
				CLANG_WARN_INFINITE_RECURSION = YES;
				CLANG_WARN_INT_CONVERSION = YES;
				CLANG_WARN_NON_LITERAL_NULL_CONVERSION = YES;
				CLANG_WARN_OBJC_IMPLICIT_RETAIN_SELF = YES;
				CLANG_WARN_OBJC_LITERAL_CONVERSION = YES;
				CLANG_WARN_OBJC_ROOT_CLASS = YES_ERROR;
				CLANG_WARN_QUOTED_INCLUDE_IN_FRAMEWORK_HEADER = YES;
				CLANG_WARN_RANGE_LOOP_ANALYSIS = YES;
				CLANG_WARN_STRICT_PROTOTYPES = YES;
				CLANG_WARN_SUSPICIOUS_MOVE = YES;
				CLANG_WARN_UNGUARDED_AVAILABILITY = YES_AGGRESSIVE;
				CLANG_WARN_UNREACHABLE_CODE = YES;
				CLANG_WARN__DUPLICATE_METHOD_MATCH = YES;
				COPY_PHASE_STRIP = NO;
				DEAD_CODE_STRIPPING = YES;
				DEBUG_INFORMATION_FORMAT = dwarf;
				ENABLE_STRICT_OBJC_MSGSEND = YES;
				ENABLE_TESTABILITY = YES;
				GCC_C_LANGUAGE_STANDARD = gnu11;
				GCC_DYNAMIC_NO_PIC = NO;
				GCC_NO_COMMON_BLOCKS = YES;
				GCC_OPTIMIZATION_LEVEL = 0;
				GCC_PREPROCESSOR_DEFINITIONS = (
					"DEBUG=1",
					"$(inherited)",
				);
				GCC_WARN_64_TO_32_BIT_CONVERSION = YES;
				GCC_WARN_ABOUT_RETURN_TYPE = YES_ERROR;
				GCC_WARN_UNDECLARED_SELECTOR = YES;
				GCC_WARN_UNINITIALIZED_AUTOS = YES_AGGRESSIVE;
				GCC_WARN_UNUSED_FUNCTION = YES;
				GCC_WARN_UNUSED_VARIABLE = YES;
				MTL_ENABLE_DEBUG_INFO = YES;
				ONLY_ACTIVE_ARCH = YES;
				PRODUCT_NAME = "$(TARGET_NAME)";
			};
			name = Debug;
		};
/* End XCBuildConfiguration section */

/* Begin XCConfigurationList section */
		46EAFD9D12A6F6634B915D4B /* Build configuration list for PBXNativeTarget "GameList" */ = {
			isa = XCConfigurationList;
			buildConfigurations = (
				70D18C1CBAE14A78A79F6157 /* Debug */,
				E17714005C79AAB8F568416C /* Release */,
			);
			defaultConfigurationIsVisible = 0;
			defaultConfigurationName = Release;
		};
		88F8CDEE20D4BC3BC93F7A98 /* Build configuration list for PBXProject "GameList" */ = {
			isa = XCConfigurationList;
			buildConfigurations = (
				F7AFB068CA8A94CDE697366B /* Debug */,
				F21886D95F742094AF0FF4CF /* Release */,
			);
			defaultConfigurationIsVisible = 0;
			defaultConfigurationName = Release;
		};
/* End XCConfigurationList section */
	};
	rootObject = 6DCE127069EDD4D372969FBB /* Project object */;
}
